{
  "nodes": {
    "anyrun": {
      "inputs": {
        "flake-parts": "flake-parts",
        "nixpkgs": [
          "nixpkgs"
        ]
      },
      "locked": {
        "lastModified": 1696986527,
        "narHash": "sha256-79OnyD4JqON/9AeYTnDYhdJx6orGVvUEwpz8F6gmzdM=",
        "owner": "benoitlouy",
        "repo": "anyrun",
        "rev": "7e683db76bbbcd94f08a6bc91714033beb4f2a85",
        "type": "github"
      },
      "original": {
        "owner": "benoitlouy",
        "ref": "add-overlays",
        "repo": "anyrun",
        "type": "github"
      }
    },
    "anyrun-cliphist": {
      "inputs": {
        "nci": "nci",
        "nixpkgs": [
          "nixpkgs"
        ],
        "parts": "parts_2"
      },
      "locked": {
        "lastModified": 1696899896,
        "narHash": "sha256-gwHqMmmpWE8hxQ/EHLGBdhz1FhjNus96ipt+s0K+Jqs=",
        "owner": "benoitlouy",
        "repo": "anyrun-cliphist",
        "rev": "b3d171c31b37b9020135687b160896ae60d6bbf5",
        "type": "github"
      },
      "original": {
        "owner": "benoitlouy",
        "ref": "update-overlay",
        "repo": "anyrun-cliphist",
        "type": "github"
      }
    },
    "anyrun-hyprland-window-switcher": {
      "inputs": {
        "nci": "nci_2",
        "nixpkgs": [
          "nixpkgs"
        ],
        "parts": "parts_4"
      },
      "locked": {
        "lastModified": 1696899286,
        "narHash": "sha256-yJ6+qfu+28VuST5v7nIF1i8rTVQ3fuANwT4EbVBWTQw=",
        "owner": "benoitlouy",
        "repo": "anyrun-hyprland-window-switcher",
        "rev": "849d59d3ba1bb7283dcad8bb22046c73ce37e61a",
        "type": "github"
      },
      "original": {
        "owner": "benoitlouy",
        "repo": "anyrun-hyprland-window-switcher",
        "type": "github"
      }
    },
    "anyrun-op": {
      "inputs": {
        "nci": "nci_3",
        "nixpkgs": [
          "nixpkgs"
        ],
        "parts": "parts_6"
      },
      "locked": {
        "lastModified": 1696899621,
        "narHash": "sha256-Al+UWXVPY8ots6f45Z/1k886JncsF4h5OS++SMKfxLM=",
        "owner": "benoitlouy",
        "repo": "anyrun-op",
        "rev": "40e1c48be5c1186d9e40536f12a37af8fd540bfb",
        "type": "github"
      },
      "original": {
        "owner": "benoitlouy",
        "repo": "anyrun-op",
        "type": "github"
      }
    },
    "crane": {
      "flake": false,
      "locked": {
        "lastModified": 1681175776,
        "narHash": "sha256-7SsUy9114fryHAZ8p1L6G6YSu7jjz55FddEwa2U8XZc=",
        "owner": "ipetkov",
        "repo": "crane",
        "rev": "445a3d222947632b5593112bb817850e8a9cf737",
        "type": "github"
      },
      "original": {
        "owner": "ipetkov",
        "ref": "v0.12.1",
        "repo": "crane",
        "type": "github"
      }
    },
    "crane_2": {
      "flake": false,
      "locked": {
        "lastModified": 1681175776,
        "narHash": "sha256-7SsUy9114fryHAZ8p1L6G6YSu7jjz55FddEwa2U8XZc=",
        "owner": "ipetkov",
        "repo": "crane",
        "rev": "445a3d222947632b5593112bb817850e8a9cf737",
        "type": "github"
      },
      "original": {
        "owner": "ipetkov",
        "ref": "v0.12.1",
        "repo": "crane",
        "type": "github"
      }
    },
    "crane_3": {
      "flake": false,
      "locked": {
        "lastModified": 1681175776,
        "narHash": "sha256-7SsUy9114fryHAZ8p1L6G6YSu7jjz55FddEwa2U8XZc=",
        "owner": "ipetkov",
        "repo": "crane",
        "rev": "445a3d222947632b5593112bb817850e8a9cf737",
        "type": "github"
      },
      "original": {
        "owner": "ipetkov",
        "ref": "v0.12.1",
        "repo": "crane",
        "type": "github"
      }
    },
    "darwin": {
      "inputs": {
        "nixpkgs": [
          "nixpkgs"
        ]
      },
      "locked": {
        "lastModified": 1706833576,
        "narHash": "sha256-w7BL0EWRts+nD1lbLECIuz6fRzmmV+z8oWwoY7womR0=",
        "owner": "lnl7",
        "repo": "nix-darwin",
        "rev": "bdbae6ecff8fcc322bf6b9053c0b984912378af7",
        "type": "github"
      },
      "original": {
        "owner": "lnl7",
        "repo": "nix-darwin",
        "type": "github"
      }
    },
    "dream2nix": {
      "inputs": {
        "all-cabal-json": [
          "anyrun-cliphist",
          "nci"
        ],
        "crane": "crane",
        "devshell": [
          "anyrun-cliphist",
          "nci"
        ],
        "drv-parts": "drv-parts",
        "flake-compat": "flake-compat",
        "flake-parts": [
          "anyrun-cliphist",
          "nci",
          "parts"
        ],
        "flake-utils-pre-commit": [
          "anyrun-cliphist",
          "nci"
        ],
        "ghc-utils": [
          "anyrun-cliphist",
          "nci"
        ],
        "gomod2nix": [
          "anyrun-cliphist",
          "nci"
        ],
        "mach-nix": [
          "anyrun-cliphist",
          "nci"
        ],
        "nix-pypi-fetcher": [
          "anyrun-cliphist",
          "nci"
        ],
        "nixpkgs": [
          "anyrun-cliphist",
          "nci",
          "nixpkgs"
        ],
        "nixpkgsV1": "nixpkgsV1",
        "poetry2nix": [
          "anyrun-cliphist",
          "nci"
        ],
        "pre-commit-hooks": [
          "anyrun-cliphist",
          "nci"
        ],
        "pruned-racket-catalog": [
          "anyrun-cliphist",
          "nci"
        ]
      },
      "locked": {
        "lastModified": 1683212002,
        "narHash": "sha256-EObtqyQsv9v+inieRY5cvyCMCUI5zuU5qu+1axlJCPM=",
        "owner": "nix-community",
        "repo": "dream2nix",
        "rev": "fbfb09d2ab5ff761d822dd40b4a1def81651d096",
        "type": "github"
      },
      "original": {
        "owner": "nix-community",
        "repo": "dream2nix",
        "type": "github"
      }
    },
    "dream2nix_2": {
      "inputs": {
        "all-cabal-json": [
          "anyrun-hyprland-window-switcher",
          "nci"
        ],
        "crane": "crane_2",
        "devshell": [
          "anyrun-hyprland-window-switcher",
          "nci"
        ],
        "drv-parts": "drv-parts_2",
        "flake-compat": "flake-compat_2",
        "flake-parts": [
          "anyrun-hyprland-window-switcher",
          "nci",
          "parts"
        ],
        "flake-utils-pre-commit": [
          "anyrun-hyprland-window-switcher",
          "nci"
        ],
        "ghc-utils": [
          "anyrun-hyprland-window-switcher",
          "nci"
        ],
        "gomod2nix": [
          "anyrun-hyprland-window-switcher",
          "nci"
        ],
        "mach-nix": [
          "anyrun-hyprland-window-switcher",
          "nci"
        ],
        "nix-pypi-fetcher": [
          "anyrun-hyprland-window-switcher",
          "nci"
        ],
        "nixpkgs": [
          "anyrun-hyprland-window-switcher",
          "nci",
          "nixpkgs"
        ],
        "nixpkgsV1": "nixpkgsV1_2",
        "poetry2nix": [
          "anyrun-hyprland-window-switcher",
          "nci"
        ],
        "pre-commit-hooks": [
          "anyrun-hyprland-window-switcher",
          "nci"
        ],
        "pruned-racket-catalog": [
          "anyrun-hyprland-window-switcher",
          "nci"
        ]
      },
      "locked": {
        "lastModified": 1683212002,
        "narHash": "sha256-EObtqyQsv9v+inieRY5cvyCMCUI5zuU5qu+1axlJCPM=",
        "owner": "nix-community",
        "repo": "dream2nix",
        "rev": "fbfb09d2ab5ff761d822dd40b4a1def81651d096",
        "type": "github"
      },
      "original": {
        "owner": "nix-community",
        "repo": "dream2nix",
        "type": "github"
      }
    },
    "dream2nix_3": {
      "inputs": {
        "all-cabal-json": [
          "anyrun-op",
          "nci"
        ],
        "crane": "crane_3",
        "devshell": [
          "anyrun-op",
          "nci"
        ],
        "drv-parts": "drv-parts_3",
        "flake-compat": "flake-compat_3",
        "flake-parts": [
          "anyrun-op",
          "nci",
          "parts"
        ],
        "flake-utils-pre-commit": [
          "anyrun-op",
          "nci"
        ],
        "ghc-utils": [
          "anyrun-op",
          "nci"
        ],
        "gomod2nix": [
          "anyrun-op",
          "nci"
        ],
        "mach-nix": [
          "anyrun-op",
          "nci"
        ],
        "nix-pypi-fetcher": [
          "anyrun-op",
          "nci"
        ],
        "nixpkgs": [
          "anyrun-op",
          "nci",
          "nixpkgs"
        ],
        "nixpkgsV1": "nixpkgsV1_3",
        "poetry2nix": [
          "anyrun-op",
          "nci"
        ],
        "pre-commit-hooks": [
          "anyrun-op",
          "nci"
        ],
        "pruned-racket-catalog": [
          "anyrun-op",
          "nci"
        ]
      },
      "locked": {
        "lastModified": 1683212002,
        "narHash": "sha256-EObtqyQsv9v+inieRY5cvyCMCUI5zuU5qu+1axlJCPM=",
        "owner": "nix-community",
        "repo": "dream2nix",
        "rev": "fbfb09d2ab5ff761d822dd40b4a1def81651d096",
        "type": "github"
      },
      "original": {
        "owner": "nix-community",
        "repo": "dream2nix",
        "type": "github"
      }
    },
    "drv-parts": {
      "inputs": {
        "flake-compat": [
          "anyrun-cliphist",
          "nci",
          "dream2nix",
          "flake-compat"
        ],
        "flake-parts": [
          "anyrun-cliphist",
          "nci",
          "dream2nix",
          "flake-parts"
        ],
        "nixpkgs": [
          "anyrun-cliphist",
          "nci",
          "dream2nix",
          "nixpkgs"
        ]
      },
      "locked": {
        "lastModified": 1680698112,
        "narHash": "sha256-FgnobN/DvCjEsc0UAZEAdPLkL4IZi2ZMnu2K2bUaElc=",
        "owner": "davhau",
        "repo": "drv-parts",
        "rev": "e8c2ec1157dc1edb002989669a0dbd935f430201",
        "type": "github"
      },
      "original": {
        "owner": "davhau",
        "repo": "drv-parts",
        "type": "github"
      }
    },
    "drv-parts_2": {
      "inputs": {
        "flake-compat": [
          "anyrun-hyprland-window-switcher",
          "nci",
          "dream2nix",
          "flake-compat"
        ],
        "flake-parts": [
          "anyrun-hyprland-window-switcher",
          "nci",
          "dream2nix",
          "flake-parts"
        ],
        "nixpkgs": [
          "anyrun-hyprland-window-switcher",
          "nci",
          "dream2nix",
          "nixpkgs"
        ]
      },
      "locked": {
        "lastModified": 1680698112,
        "narHash": "sha256-FgnobN/DvCjEsc0UAZEAdPLkL4IZi2ZMnu2K2bUaElc=",
        "owner": "davhau",
        "repo": "drv-parts",
        "rev": "e8c2ec1157dc1edb002989669a0dbd935f430201",
        "type": "github"
      },
      "original": {
        "owner": "davhau",
        "repo": "drv-parts",
        "type": "github"
      }
    },
    "drv-parts_3": {
      "inputs": {
        "flake-compat": [
          "anyrun-op",
          "nci",
          "dream2nix",
          "flake-compat"
        ],
        "flake-parts": [
          "anyrun-op",
          "nci",
          "dream2nix",
          "flake-parts"
        ],
        "nixpkgs": [
          "anyrun-op",
          "nci",
          "dream2nix",
          "nixpkgs"
        ]
      },
      "locked": {
        "lastModified": 1680698112,
        "narHash": "sha256-FgnobN/DvCjEsc0UAZEAdPLkL4IZi2ZMnu2K2bUaElc=",
        "owner": "davhau",
        "repo": "drv-parts",
        "rev": "e8c2ec1157dc1edb002989669a0dbd935f430201",
        "type": "github"
      },
      "original": {
        "owner": "davhau",
        "repo": "drv-parts",
        "type": "github"
      }
    },
    "flake-compat": {
      "flake": false,
      "locked": {
        "lastModified": 1673956053,
        "narHash": "sha256-4gtG9iQuiKITOjNQQeQIpoIB6b16fm+504Ch3sNKLd8=",
        "owner": "edolstra",
        "repo": "flake-compat",
        "rev": "35bb57c0c8d8b62bbfd284272c928ceb64ddbde9",
        "type": "github"
      },
      "original": {
        "owner": "edolstra",
        "repo": "flake-compat",
        "type": "github"
      }
    },
    "flake-compat_2": {
      "flake": false,
      "locked": {
        "lastModified": 1673956053,
        "narHash": "sha256-4gtG9iQuiKITOjNQQeQIpoIB6b16fm+504Ch3sNKLd8=",
        "owner": "edolstra",
        "repo": "flake-compat",
        "rev": "35bb57c0c8d8b62bbfd284272c928ceb64ddbde9",
        "type": "github"
      },
      "original": {
        "owner": "edolstra",
        "repo": "flake-compat",
        "type": "github"
      }
    },
    "flake-compat_3": {
      "flake": false,
      "locked": {
        "lastModified": 1673956053,
        "narHash": "sha256-4gtG9iQuiKITOjNQQeQIpoIB6b16fm+504Ch3sNKLd8=",
        "owner": "edolstra",
        "repo": "flake-compat",
        "rev": "35bb57c0c8d8b62bbfd284272c928ceb64ddbde9",
        "type": "github"
      },
      "original": {
        "owner": "edolstra",
        "repo": "flake-compat",
        "type": "github"
      }
    },
    "flake-parts": {
      "inputs": {
        "nixpkgs-lib": [
          "anyrun",
          "nixpkgs"
        ]
      },
      "locked": {
        "lastModified": 1696343447,
        "narHash": "sha256-B2xAZKLkkeRFG5XcHHSXXcP7To9Xzr59KXeZiRf4vdQ=",
        "owner": "hercules-ci",
        "repo": "flake-parts",
        "rev": "c9afaba3dfa4085dbd2ccb38dfade5141e33d9d4",
        "type": "github"
      },
      "original": {
        "owner": "hercules-ci",
        "repo": "flake-parts",
        "type": "github"
      }
    },
    "home-manager": {
      "inputs": {
        "nixpkgs": [
          "nixpkgs"
        ]
      },
      "locked": {
        "lastModified": 1707175763,
        "narHash": "sha256-0MKHC6tQ4KEuM5rui6DjKZ/VNiSANB4E+DJ/+wPS1PU=",
        "owner": "nix-community",
        "repo": "home-manager",
        "rev": "f99eace7c167b8a6a0871849493b1c613d0f1b80",
        "type": "github"
      },
      "original": {
        "owner": "nix-community",
        "repo": "home-manager",
        "type": "github"
      }
    },
    "hypr-contrib": {
      "inputs": {
        "nixpkgs": [
          "nixpkgs"
        ]
      },
      "locked": {
        "lastModified": 1706198673,
        "narHash": "sha256-bHlxFd+3QHy6eXtTzzhwVNcyxBSOxTvBuJGNUzI4C4M=",
        "owner": "hyprwm",
        "repo": "contrib",
        "rev": "16884001b26e6955ff4b88b4dfe4c8986e20f153",
        "type": "github"
      },
      "original": {
        "owner": "hyprwm",
        "repo": "contrib",
        "type": "github"
      }
    },
    "hyprland": {
      "inputs": {
        "hyprland-protocols": "hyprland-protocols",
        "nixpkgs": [
          "nixpkgs"
        ],
        "systems": "systems",
        "wlroots": "wlroots",
        "xdph": "xdph"
      },
      "locked": {
        "lastModified": 1707176359,
        "narHash": "sha256-h6BkgPOewfefG40E0KhEIqub207lUsfA84VfETb1m7c=",
        "owner": "hyprwm",
        "repo": "Hyprland",
        "rev": "ded174d6e5d14bc376919194cbc52c238a07f640",
        "type": "github"
      },
      "original": {
        "owner": "hyprwm",
        "repo": "Hyprland",
        "type": "github"
      }
    },
    "hyprland-protocols": {
      "inputs": {
        "nixpkgs": [
          "hyprland",
          "nixpkgs"
        ],
        "systems": [
          "hyprland",
          "systems"
        ]
      },
      "locked": {
        "lastModified": 1691753796,
        "narHash": "sha256-zOEwiWoXk3j3+EoF3ySUJmberFewWlagvewDRuWYAso=",
        "owner": "hyprwm",
        "repo": "hyprland-protocols",
        "rev": "0c2ce70625cb30aef199cb388f99e19a61a6ce03",
        "type": "github"
      },
      "original": {
        "owner": "hyprwm",
        "repo": "hyprland-protocols",
        "type": "github"
      }
    },
    "hyprlang": {
      "inputs": {
        "nixpkgs": [
          "hyprland",
          "xdph",
          "nixpkgs"
        ]
      },
      "locked": {
        "lastModified": 1704287638,
        "narHash": "sha256-TuRXJGwtK440AXQNl5eiqmQqY4LZ/9+z/R7xC0ie3iA=",
        "owner": "hyprwm",
        "repo": "hyprlang",
        "rev": "6624f2bb66d4d27975766e81f77174adbe58ec97",
        "type": "github"
      },
      "original": {
        "owner": "hyprwm",
        "repo": "hyprlang",
        "type": "github"
      }
    },
    "mk-naked-shell": {
      "flake": false,
      "locked": {
        "lastModified": 1681286841,
        "narHash": "sha256-3XlJrwlR0nBiREnuogoa5i1b4+w/XPe0z8bbrJASw0g=",
        "owner": "yusdacra",
        "repo": "mk-naked-shell",
        "rev": "7612f828dd6f22b7fb332cc69440e839d7ffe6bd",
        "type": "github"
      },
      "original": {
        "owner": "yusdacra",
        "repo": "mk-naked-shell",
        "type": "github"
      }
    },
    "mk-naked-shell_2": {
      "flake": false,
      "locked": {
        "lastModified": 1681286841,
        "narHash": "sha256-3XlJrwlR0nBiREnuogoa5i1b4+w/XPe0z8bbrJASw0g=",
        "owner": "yusdacra",
        "repo": "mk-naked-shell",
        "rev": "7612f828dd6f22b7fb332cc69440e839d7ffe6bd",
        "type": "github"
      },
      "original": {
        "owner": "yusdacra",
        "repo": "mk-naked-shell",
        "type": "github"
      }
    },
    "mk-naked-shell_3": {
      "flake": false,
      "locked": {
        "lastModified": 1681286841,
        "narHash": "sha256-3XlJrwlR0nBiREnuogoa5i1b4+w/XPe0z8bbrJASw0g=",
        "owner": "yusdacra",
        "repo": "mk-naked-shell",
        "rev": "7612f828dd6f22b7fb332cc69440e839d7ffe6bd",
        "type": "github"
      },
      "original": {
        "owner": "yusdacra",
        "repo": "mk-naked-shell",
        "type": "github"
      }
    },
    "nci": {
      "inputs": {
        "dream2nix": "dream2nix",
        "mk-naked-shell": "mk-naked-shell",
        "nixpkgs": [
          "anyrun-cliphist",
          "nixpkgs"
        ],
        "parts": "parts",
        "rust-overlay": "rust-overlay"
      },
      "locked": {
        "lastModified": 1684390286,
        "narHash": "sha256-ApAdZppfyvZj+mqCmAOkaLoUxG42mK98FWf0ig6IQZs=",
        "owner": "yusdacra",
        "repo": "nix-cargo-integration",
        "rev": "20b314f3d0053cb0eb6a9644c237839fd073e2a7",
        "type": "github"
      },
      "original": {
        "owner": "yusdacra",
        "repo": "nix-cargo-integration",
        "type": "github"
      }
    },
    "nci_2": {
      "inputs": {
        "dream2nix": "dream2nix_2",
        "mk-naked-shell": "mk-naked-shell_2",
        "nixpkgs": [
          "anyrun-hyprland-window-switcher",
          "nixpkgs"
        ],
        "parts": "parts_3",
        "rust-overlay": "rust-overlay_2"
      },
      "locked": {
        "lastModified": 1684390286,
        "narHash": "sha256-ApAdZppfyvZj+mqCmAOkaLoUxG42mK98FWf0ig6IQZs=",
        "owner": "yusdacra",
        "repo": "nix-cargo-integration",
        "rev": "20b314f3d0053cb0eb6a9644c237839fd073e2a7",
        "type": "github"
      },
      "original": {
        "owner": "yusdacra",
        "repo": "nix-cargo-integration",
        "type": "github"
      }
    },
    "nci_3": {
      "inputs": {
        "dream2nix": "dream2nix_3",
        "mk-naked-shell": "mk-naked-shell_3",
        "nixpkgs": [
          "anyrun-op",
          "nixpkgs"
        ],
        "parts": "parts_5",
        "rust-overlay": "rust-overlay_3"
      },
      "locked": {
        "lastModified": 1684390286,
        "narHash": "sha256-ApAdZppfyvZj+mqCmAOkaLoUxG42mK98FWf0ig6IQZs=",
        "owner": "yusdacra",
        "repo": "nix-cargo-integration",
        "rev": "20b314f3d0053cb0eb6a9644c237839fd073e2a7",
        "type": "github"
      },
      "original": {
        "owner": "yusdacra",
        "repo": "nix-cargo-integration",
        "type": "github"
      }
    },
    "nix-index-database": {
      "inputs": {
        "nixpkgs": [
          "nixpkgs"
        ]
      },
      "locked": {
        "lastModified": 1707016097,
        "narHash": "sha256-V4lHr6hFQ3rK650dh64Xffxsf4kse9vUYWsM+ldjkco=",
        "owner": "Mic92",
        "repo": "nix-index-database",
        "rev": "3e3dad2808379c522138e2e8b0eb73500721a237",
        "type": "github"
      },
      "original": {
        "owner": "Mic92",
        "repo": "nix-index-database",
        "type": "github"
      }
    },
    "nixos-hardware": {
      "locked": {
        "lastModified": 1706834982,
        "narHash": "sha256-3CfxA7gZ+DVv/N9Pvw61bV5Oe/mWfxYPyVQGqp9TMJA=",
        "owner": "NixOS",
        "repo": "nixos-hardware",
        "rev": "83e571bb291161682b9c3ccd48318f115143a550",
        "type": "github"
      },
      "original": {
        "owner": "NixOS",
        "ref": "master",
        "repo": "nixos-hardware",
        "type": "github"
      }
    },
    "nixpkgs": {
      "locked": {
        "lastModified": 1706913249,
        "narHash": "sha256-x3M7iV++CsvRXI1fpyFPduGELUckZEhSv0XWnUopAG8=",
        "owner": "NixOS",
        "repo": "nixpkgs",
        "rev": "e92b6015881907e698782c77641aa49298330223",
        "type": "github"
      },
      "original": {
        "owner": "NixOS",
        "ref": "nixos-unstable",
        "repo": "nixpkgs",
        "type": "github"
      }
    },
    "nixpkgs-stable": {
      "locked": {
        "lastModified": 1705957679,
        "narHash": "sha256-Q8LJaVZGJ9wo33wBafvZSzapYsjOaNjP/pOnSiKVGHY=",
        "owner": "NixOS",
        "repo": "nixpkgs",
        "rev": "9a333eaa80901efe01df07eade2c16d183761fa3",
        "type": "github"
      },
      "original": {
        "owner": "NixOS",
        "ref": "release-23.05",
        "repo": "nixpkgs",
        "type": "github"
      }
    },
    "nixpkgsV1": {
      "locked": {
        "lastModified": 1678500271,
        "narHash": "sha256-tRBLElf6f02HJGG0ZR7znMNFv/Uf7b2fFInpTHiHaSE=",
        "owner": "NixOS",
        "repo": "nixpkgs",
        "rev": "5eb98948b66de29f899c7fe27ae112a47964baf8",
        "type": "github"
      },
      "original": {
        "id": "nixpkgs",
        "ref": "nixos-22.11",
        "type": "indirect"
      }
    },
    "nixpkgsV1_2": {
      "locked": {
        "lastModified": 1678500271,
        "narHash": "sha256-tRBLElf6f02HJGG0ZR7znMNFv/Uf7b2fFInpTHiHaSE=",
        "owner": "NixOS",
        "repo": "nixpkgs",
        "rev": "5eb98948b66de29f899c7fe27ae112a47964baf8",
        "type": "github"
      },
      "original": {
        "id": "nixpkgs",
        "ref": "nixos-22.11",
        "type": "indirect"
      }
    },
    "nixpkgsV1_3": {
      "locked": {
        "lastModified": 1678500271,
        "narHash": "sha256-tRBLElf6f02HJGG0ZR7znMNFv/Uf7b2fFInpTHiHaSE=",
        "owner": "NixOS",
        "repo": "nixpkgs",
        "rev": "5eb98948b66de29f899c7fe27ae112a47964baf8",
        "type": "github"
      },
      "original": {
        "id": "nixpkgs",
        "ref": "nixos-22.11",
        "type": "indirect"
      }
    },
    "nixpkgs_2": {
      "locked": {
        "lastModified": 1706925685,
        "narHash": "sha256-hVInjWMmgH4yZgA4ZtbgJM1qEAel72SYhP5nOWX4UIM=",
        "owner": "NixOS",
        "repo": "nixpkgs",
        "rev": "79a13f1437e149dc7be2d1290c74d378dad60814",
        "type": "github"
      },
      "original": {
        "owner": "NixOS",
        "ref": "nixpkgs-unstable",
        "repo": "nixpkgs",
        "type": "github"
      }
    },
    "parts": {
      "inputs": {
        "nixpkgs-lib": [
          "anyrun-cliphist",
          "nci",
          "nixpkgs"
        ]
      },
      "locked": {
        "lastModified": 1683560683,
        "narHash": "sha256-XAygPMN5Xnk/W2c1aW0jyEa6lfMDZWlQgiNtmHXytPc=",
        "owner": "hercules-ci",
        "repo": "flake-parts",
        "rev": "006c75898cf814ef9497252b022e91c946ba8e17",
        "type": "github"
      },
      "original": {
        "owner": "hercules-ci",
        "repo": "flake-parts",
        "type": "github"
      }
    },
    "parts_2": {
      "inputs": {
        "nixpkgs-lib": [
          "anyrun-cliphist",
          "nixpkgs"
        ]
      },
      "locked": {
        "lastModified": 1683560683,
        "narHash": "sha256-XAygPMN5Xnk/W2c1aW0jyEa6lfMDZWlQgiNtmHXytPc=",
        "owner": "hercules-ci",
        "repo": "flake-parts",
        "rev": "006c75898cf814ef9497252b022e91c946ba8e17",
        "type": "github"
      },
      "original": {
        "owner": "hercules-ci",
        "repo": "flake-parts",
        "type": "github"
      }
    },
    "parts_3": {
      "inputs": {
        "nixpkgs-lib": [
          "anyrun-hyprland-window-switcher",
          "nci",
          "nixpkgs"
        ]
      },
      "locked": {
        "lastModified": 1683560683,
        "narHash": "sha256-XAygPMN5Xnk/W2c1aW0jyEa6lfMDZWlQgiNtmHXytPc=",
        "owner": "hercules-ci",
        "repo": "flake-parts",
        "rev": "006c75898cf814ef9497252b022e91c946ba8e17",
        "type": "github"
      },
      "original": {
        "owner": "hercules-ci",
        "repo": "flake-parts",
        "type": "github"
      }
    },
    "parts_4": {
      "inputs": {
        "nixpkgs-lib": [
          "anyrun-hyprland-window-switcher",
          "nixpkgs"
        ]
      },
      "locked": {
        "lastModified": 1683560683,
        "narHash": "sha256-XAygPMN5Xnk/W2c1aW0jyEa6lfMDZWlQgiNtmHXytPc=",
        "owner": "hercules-ci",
        "repo": "flake-parts",
        "rev": "006c75898cf814ef9497252b022e91c946ba8e17",
        "type": "github"
      },
      "original": {
        "owner": "hercules-ci",
        "repo": "flake-parts",
        "type": "github"
      }
    },
    "parts_5": {
      "inputs": {
        "nixpkgs-lib": [
          "anyrun-op",
          "nci",
          "nixpkgs"
        ]
      },
      "locked": {
        "lastModified": 1683560683,
        "narHash": "sha256-XAygPMN5Xnk/W2c1aW0jyEa6lfMDZWlQgiNtmHXytPc=",
        "owner": "hercules-ci",
        "repo": "flake-parts",
        "rev": "006c75898cf814ef9497252b022e91c946ba8e17",
        "type": "github"
      },
      "original": {
        "owner": "hercules-ci",
        "repo": "flake-parts",
        "type": "github"
      }
    },
    "parts_6": {
      "inputs": {
        "nixpkgs-lib": [
          "anyrun-op",
          "nixpkgs"
        ]
      },
      "locked": {
        "lastModified": 1683560683,
        "narHash": "sha256-XAygPMN5Xnk/W2c1aW0jyEa6lfMDZWlQgiNtmHXytPc=",
        "owner": "hercules-ci",
        "repo": "flake-parts",
        "rev": "006c75898cf814ef9497252b022e91c946ba8e17",
        "type": "github"
      },
      "original": {
        "owner": "hercules-ci",
        "repo": "flake-parts",
        "type": "github"
      }
    },
    "root": {
      "inputs": {
        "anyrun": "anyrun",
        "anyrun-cliphist": "anyrun-cliphist",
        "anyrun-hyprland-window-switcher": "anyrun-hyprland-window-switcher",
        "anyrun-op": "anyrun-op",
        "darwin": "darwin",
        "home-manager": "home-manager",
        "hypr-contrib": "hypr-contrib",
        "hyprland": "hyprland",
        "nix-index-database": "nix-index-database",
        "nixos-hardware": "nixos-hardware",
        "nixpkgs": "nixpkgs",
        "sops-nix": "sops-nix"
      }
    },
    "rust-overlay": {
      "flake": false,
      "locked": {
        "lastModified": 1684376381,
        "narHash": "sha256-XVFTXADfvBXKwo4boqfg80awUbT+JgQvlQ8uZ+Xgo1s=",
        "owner": "oxalica",
        "repo": "rust-overlay",
        "rev": "7c9a265c2eaa5783bc18593b1aec39a85653c076",
        "type": "github"
      },
      "original": {
        "owner": "oxalica",
        "repo": "rust-overlay",
        "type": "github"
      }
    },
    "rust-overlay_2": {
      "flake": false,
      "locked": {
        "lastModified": 1684376381,
        "narHash": "sha256-XVFTXADfvBXKwo4boqfg80awUbT+JgQvlQ8uZ+Xgo1s=",
        "owner": "oxalica",
        "repo": "rust-overlay",
        "rev": "7c9a265c2eaa5783bc18593b1aec39a85653c076",
        "type": "github"
      },
      "original": {
        "owner": "oxalica",
        "repo": "rust-overlay",
        "type": "github"
      }
    },
    "rust-overlay_3": {
      "flake": false,
      "locked": {
        "lastModified": 1684376381,
        "narHash": "sha256-XVFTXADfvBXKwo4boqfg80awUbT+JgQvlQ8uZ+Xgo1s=",
        "owner": "oxalica",
        "repo": "rust-overlay",
        "rev": "7c9a265c2eaa5783bc18593b1aec39a85653c076",
        "type": "github"
      },
      "original": {
        "owner": "oxalica",
        "repo": "rust-overlay",
        "type": "github"
      }
    },
    "sops-nix": {
      "inputs": {
        "nixpkgs": "nixpkgs_2",
        "nixpkgs-stable": "nixpkgs-stable"
      },
      "locked": {
        "lastModified": 1707015547,
        "narHash": "sha256-YZr0OrqWPdbwBhxpBu69D32ngJZw8AMgZtJeaJn0e94=",
        "owner": "Mic92",
        "repo": "sops-nix",
        "rev": "23f61b897c00b66855074db471ba016e0cda20dd",
        "type": "github"
      },
      "original": {
        "owner": "Mic92",
        "repo": "sops-nix",
        "type": "github"
      }
    },
    "systems": {
      "locked": {
        "lastModified": 1689347949,
        "narHash": "sha256-12tWmuL2zgBgZkdoB6qXZsgJEH9LR3oUgpaQq2RbI80=",
        "owner": "nix-systems",
        "repo": "default-linux",
        "rev": "31732fcf5e8fea42e59c2488ad31a0e651500f68",
        "type": "github"
      },
      "original": {
        "owner": "nix-systems",
        "repo": "default-linux",
        "type": "github"
      }
    },
    "wlroots": {
      "flake": false,
      "locked": {
        "host": "gitlab.freedesktop.org",
        "lastModified": 1706359063,
        "narHash": "sha256-5HUTG0p+nCJv3cn73AmFHRZdfRV5AD5N43g8xAePSKM=",
        "owner": "wlroots",
        "repo": "wlroots",
        "rev": "00b869c1a96f300a8f25da95d624524895e0ddf2",
        "type": "gitlab"
      },
      "original": {
        "host": "gitlab.freedesktop.org",
        "owner": "wlroots",
        "repo": "wlroots",
        "rev": "00b869c1a96f300a8f25da95d624524895e0ddf2",
        "type": "gitlab"
      }
    },
    "xdph": {
      "inputs": {
        "hyprland-protocols": [
          "hyprland",
          "hyprland-protocols"
        ],
        "hyprlang": "hyprlang",
        "nixpkgs": [
          "hyprland",
          "nixpkgs"
        ],
        "systems": [
          "hyprland",
          "systems"
        ]
      },
      "locked": {
        "lastModified": 1706145785,
        "narHash": "sha256-j9MP4fv2U/vdRKAXXc2gyMTmYwVnHP6kHx1/y6jprrU=",
        "owner": "hyprwm",
        "repo": "xdg-desktop-portal-hyprland",
        "rev": "5a592647587cd20b9692a347df6939b6d371b3bb",
        "type": "github"
      },
      "original": {
        "owner": "hyprwm",
        "repo": "xdg-desktop-portal-hyprland",
        "type": "github"
      }
    }
  },
  "root": "root",
  "version": 7
}
