{
  "nodes": {
    "darwin": {
      "inputs": {
        "nixpkgs": [
          "nixpkgs-unstable"
        ]
      },
      "locked": {
        "lastModified": 1665392861,
        "narHash": "sha256-bCd8fYJMAb0LzabsiXl4nxECDoz483bJOCa2hjox7N0=",
        "owner": "lnl7",
        "repo": "nix-darwin",
        "rev": "ef56fd8979b5f4e800c4716f62076e00600b1172",
        "type": "github"
      },
      "original": {
        "owner": "lnl7",
        "repo": "nix-darwin",
        "type": "github"
      }
    },
    "home-manager": {
      "inputs": {
        "nixpkgs": [
          "nixpkgs-unstable"
        ],
        "utils": "utils"
      },
      "locked": {
        "lastModified": 1665655007,
        "narHash": "sha256-34ZMJlgqJb73RY/gJz8B4cjdM5ukas2crMYQpmyRGeQ=",
        "owner": "nix-community",
        "repo": "home-manager",
        "rev": "8cbc6500dfca22d907054f68c564019b3b6cf295",
        "type": "github"
      },
      "original": {
        "owner": "nix-community",
        "repo": "home-manager",
        "type": "github"
      }
    },
    "nixpkgs": {
      "locked": {
        "lastModified": 1665634984,
        "narHash": "sha256-zwXeMc96BD9iFxSB/SLr3dI8iYpqM+seX9qy6bGV+cw=",
        "owner": "NixOS",
        "repo": "nixpkgs",
        "rev": "cfea568da97a2668ef3cb3fc42eaacfb0e706807",
        "type": "github"
      },
      "original": {
        "id": "nixpkgs",
        "type": "indirect"
      }
    },
    "nixpkgs-stable": {
      "locked": {
        "lastModified": 1659446231,
        "narHash": "sha256-hekabNdTdgR/iLsgce5TGWmfIDZ86qjPhxDg/8TlzhE=",
        "owner": "nixos",
        "repo": "nixpkgs",
        "rev": "eabc38219184cc3e04a974fe31857d8e0eac098d",
        "type": "github"
      },
      "original": {
        "owner": "nixos",
        "ref": "nixpkgs-21.11-darwin",
        "repo": "nixpkgs",
        "type": "github"
      }
    },
    "nixpkgs-unstable": {
      "locked": {
        "lastModified": 1665634984,
        "narHash": "sha256-zwXeMc96BD9iFxSB/SLr3dI8iYpqM+seX9qy6bGV+cw=",
        "owner": "nixos",
        "repo": "nixpkgs",
        "rev": "cfea568da97a2668ef3cb3fc42eaacfb0e706807",
        "type": "github"
      },
      "original": {
        "owner": "nixos",
        "ref": "nixpkgs-unstable",
        "repo": "nixpkgs",
        "type": "github"
      }
    },
    "nixpkgs_2": {
      "locked": {
        "lastModified": 1616847335,
        "narHash": "sha256-AQrNtJZRl9P78u+otHNXVxcQzu84vuTJLqynupp335g=",
        "owner": "cmacrae",
        "repo": "nixpkgs",
        "rev": "7745d5338ad3c6cef295f40a732c6a739b1fcc7b",
        "type": "github"
      },
      "original": {
        "owner": "cmacrae",
        "ref": "fix_spacebar",
        "repo": "nixpkgs",
        "type": "github"
      }
    },
    "nur": {
      "locked": {
        "lastModified": 1665665158,
        "narHash": "sha256-QgnaHinQezc/2fzoZ4BiFgkxUivgAV31rkjGtbZft+U=",
        "owner": "nix-community",
        "repo": "NUR",
        "rev": "31f4399bcbe771ef312d2e7b71a1696f799533bb",
        "type": "github"
      },
      "original": {
        "owner": "nix-community",
        "repo": "NUR",
        "type": "github"
      }
    },
    "root": {
      "inputs": {
        "darwin": "darwin",
        "home-manager": "home-manager",
        "nixpkgs": "nixpkgs",
        "nixpkgs-stable": "nixpkgs-stable",
        "nixpkgs-unstable": "nixpkgs-unstable",
        "nur": "nur",
        "spacebar": "spacebar"
      }
    },
    "spacebar": {
      "inputs": {
        "nixpkgs": "nixpkgs_2"
      },
      "locked": {
        "lastModified": 1619365544,
        "narHash": "sha256-f72eQ5KrsBPKlCCENDeTA+Lkqik/ps2xotS2CrEpMpM=",
        "owner": "cmacrae",
        "repo": "spacebar",
        "rev": "96e210e579c1f7a0ce80074e0f22b73e7a7cef00",
        "type": "github"
      },
      "original": {
        "owner": "cmacrae",
        "ref": "v1.3.0",
        "repo": "spacebar",
        "type": "github"
      }
    },
    "utils": {
      "locked": {
        "lastModified": 1659877975,
        "narHash": "sha256-zllb8aq3YO3h8B/U0/J1WBgAL8EX5yWf5pMj3G0NAmc=",
        "owner": "numtide",
        "repo": "flake-utils",
        "rev": "c0e246b9b83f637f4681389ecabcb2681b4f3af0",
        "type": "github"
      },
      "original": {
        "owner": "numtide",
        "repo": "flake-utils",
        "type": "github"
      }
    }
  },
  "root": "root",
  "version": 7
}
